
Microsoft Visual Studio Solution File, Format Version 12.00
# Visual Studio Version 18
VisualStudioVersion = 18.3.11310.294 d18.3
MinimumVisualStudioVersion = 10.0.40219.1
Project("{9A19103F-16F7-4668-BE54-9A1E7A4F7556}") = "Jolt", "Jolt\Jolt.csproj", "{76D612F9-5D5F-4250-AC50-6A3B4EB10BED}"
EndProject
Project("{9A19103F-16F7-4668-BE54-9A1E7A4F7556}") = "Jolt.Tests", "Tests\Jolt.Tests\Jolt.Tests.csproj", "{B2713E25-C3B5-4AB8-9D6B-7D1397C64FA3}"
EndProject
Project("{9A19103F-16F7-4668-BE54-9A1E7A4F7556}") = "Jolt.Json.Tests", "Tests\Jolt.Json.Tests\Jolt.Json.Tests.csproj", "{85C69CC2-5DB6-40FD-A63B-6DF509505ACB}"
EndProject
Project("{9A19103F-16F7-4668-BE54-9A1E7A4F7556}") = "Jolt.Json.Newtonsoft", "Jolt.Json.Newtonsoft\Jolt.Json.Newtonsoft.csproj", "{61254730-0D0B-4884-B963-0CA1559F33A4}"
EndProject
Project("{9A19103F-16F7-4668-BE54-9A1E7A4F7556}") = "Jolt.Json.DotNet", "Jolt.Json.DotNet\Jolt.Json.DotNet.csproj", "{AAA904F1-09B1-4396-8C3C-B3DC5C74427A}"
EndProject
Project("{2150E333-8FDC-42A3-9474-1A3956D46DE8}") = "Solution Items", "Solution Items", "{667B9A34-0EF6-45AF-8426-3EE2BF4A3222}"
	ProjectSection(SolutionItems) = preProject
		.editorconfig = .editorconfig
	EndProjectSection
EndProject
Project("{FAE04EC0-301F-11D3-BF4B-00C04F79EFBC}") = "Jolt.Json.DotNetFramework.Tests", "Tests\Jolt.Json.DotNetFramework.Tests\Jolt.Json.DotNetFramework.Tests.csproj", "{D9B8BF2D-F768-4B7C-B096-58EA6878BE23}"
EndProject
Project("{2150E333-8FDC-42A3-9474-1A3956D46DE8}") = "Tests", "Tests", "{5FCF43B4-5B18-440C-8C04-18A9044EF9FF}"
EndProject
Project("{FAE04EC0-301F-11D3-BF4B-00C04F79EFBC}") = "Jolt.Json.Tests.Resources", "Tests\Jolt.Json.Tests.Resources\Jolt.Json.Tests.Resources.csproj", "{E58830EF-48A9-4984-9561-861398361F23}"
EndProject
Project("{FAE04EC0-301F-11D3-BF4B-00C04F79EFBC}") = "Jolt.Json.Tests.Cases", "Tests\Jolt.Json.Tests.Cases\Jolt.Json.Tests.Cases.csproj", "{752D95EC-1DE5-4D98-ABCD-375EE61DC292}"
EndProject
Global
	GlobalSection(SolutionConfigurationPlatforms) = preSolution
		Debug|Any CPU = Debug|Any CPU
		Release|Any CPU = Release|Any CPU
	EndGlobalSection
	GlobalSection(ProjectConfigurationPlatforms) = postSolution
		{76D612F9-5D5F-4250-AC50-6A3B4EB10BED}.Debug|Any CPU.ActiveCfg = Debug|Any CPU
		{76D612F9-5D5F-4250-AC50-6A3B4EB10BED}.Debug|Any CPU.Build.0 = Debug|Any CPU
		{76D612F9-5D5F-4250-AC50-6A3B4EB10BED}.Release|Any CPU.ActiveCfg = Release|Any CPU
		{76D612F9-5D5F-4250-AC50-6A3B4EB10BED}.Release|Any CPU.Build.0 = Release|Any CPU
		{B2713E25-C3B5-4AB8-9D6B-7D1397C64FA3}.Debug|Any CPU.ActiveCfg = Debug|Any CPU
		{B2713E25-C3B5-4AB8-9D6B-7D1397C64FA3}.Debug|Any CPU.Build.0 = Debug|Any CPU
		{B2713E25-C3B5-4AB8-9D6B-7D1397C64FA3}.Release|Any CPU.ActiveCfg = Release|Any CPU
		{B2713E25-C3B5-4AB8-9D6B-7D1397C64FA3}.Release|Any CPU.Build.0 = Release|Any CPU
		{85C69CC2-5DB6-40FD-A63B-6DF509505ACB}.Debug|Any CPU.ActiveCfg = Debug|Any CPU
		{85C69CC2-5DB6-40FD-A63B-6DF509505ACB}.Debug|Any CPU.Build.0 = Debug|Any CPU
		{85C69CC2-5DB6-40FD-A63B-6DF509505ACB}.Release|Any CPU.ActiveCfg = Release|Any CPU
		{85C69CC2-5DB6-40FD-A63B-6DF509505ACB}.Release|Any CPU.Build.0 = Release|Any CPU
		{61254730-0D0B-4884-B963-0CA1559F33A4}.Debug|Any CPU.ActiveCfg = Debug|Any CPU
		{61254730-0D0B-4884-B963-0CA1559F33A4}.Debug|Any CPU.Build.0 = Debug|Any CPU
		{61254730-0D0B-4884-B963-0CA1559F33A4}.Release|Any CPU.ActiveCfg = Release|Any CPU
		{61254730-0D0B-4884-B963-0CA1559F33A4}.Release|Any CPU.Build.0 = Release|Any CPU
		{AAA904F1-09B1-4396-8C3C-B3DC5C74427A}.Debug|Any CPU.ActiveCfg = Debug|Any CPU
		{AAA904F1-09B1-4396-8C3C-B3DC5C74427A}.Debug|Any CPU.Build.0 = Debug|Any CPU
		{AAA904F1-09B1-4396-8C3C-B3DC5C74427A}.Release|Any CPU.ActiveCfg = Release|Any CPU
		{AAA904F1-09B1-4396-8C3C-B3DC5C74427A}.Release|Any CPU.Build.0 = Release|Any CPU
		{D9B8BF2D-F768-4B7C-B096-58EA6878BE23}.Debug|Any CPU.ActiveCfg = Debug|Any CPU
		{D9B8BF2D-F768-4B7C-B096-58EA6878BE23}.Debug|Any CPU.Build.0 = Debug|Any CPU
		{D9B8BF2D-F768-4B7C-B096-58EA6878BE23}.Release|Any CPU.ActiveCfg = Release|Any CPU
		{D9B8BF2D-F768-4B7C-B096-58EA6878BE23}.Release|Any CPU.Build.0 = Release|Any CPU
		{E58830EF-48A9-4984-9561-861398361F23}.Debug|Any CPU.ActiveCfg = Debug|Any CPU
		{E58830EF-48A9-4984-9561-861398361F23}.Debug|Any CPU.Build.0 = Debug|Any CPU
		{E58830EF-48A9-4984-9561-861398361F23}.Release|Any CPU.ActiveCfg = Release|Any CPU
		{E58830EF-48A9-4984-9561-861398361F23}.Release|Any CPU.Build.0 = Release|Any CPU
		{752D95EC-1DE5-4D98-ABCD-375EE61DC292}.Debug|Any CPU.ActiveCfg = Debug|Any CPU
		{752D95EC-1DE5-4D98-ABCD-375EE61DC292}.Debug|Any CPU.Build.0 = Debug|Any CPU
		{752D95EC-1DE5-4D98-ABCD-375EE61DC292}.Release|Any CPU.ActiveCfg = Release|Any CPU
		{752D95EC-1DE5-4D98-ABCD-375EE61DC292}.Release|Any CPU.Build.0 = Release|Any CPU
	EndGlobalSection
	GlobalSection(SolutionProperties) = preSolution
		HideSolutionNode = FALSE
	EndGlobalSection
	GlobalSection(NestedProjects) = preSolution
		{B2713E25-C3B5-4AB8-9D6B-7D1397C64FA3} = {5FCF43B4-5B18-440C-8C04-18A9044EF9FF}
		{85C69CC2-5DB6-40FD-A63B-6DF509505ACB} = {5FCF43B4-5B18-440C-8C04-18A9044EF9FF}
		{D9B8BF2D-F768-4B7C-B096-58EA6878BE23} = {5FCF43B4-5B18-440C-8C04-18A9044EF9FF}
		{E58830EF-48A9-4984-9561-861398361F23} = {5FCF43B4-5B18-440C-8C04-18A9044EF9FF}
		{752D95EC-1DE5-4D98-ABCD-375EE61DC292} = {5FCF43B4-5B18-440C-8C04-18A9044EF9FF}
	EndGlobalSection
	GlobalSection(ExtensibilityGlobals) = postSolution
		SolutionGuid = {4829FB42-C288-40C1-8D3D-E85D47FC7B45}
	EndGlobalSection
EndGlobal
