<Solution>
  <Project Path="Jolt.Json.DotNet/Jolt.Json.DotNet.csproj" />
  <Project Path="Jolt.Json.Newtonsoft/Jolt.Json.Newtonsoft.csproj" />
  <Project Path="Tests/Jolt.Testing.Harness.DotNetFramework/Jolt.Testing.Harness.DotNetFramework.csproj" />
  <Project Path="Tests/Jolt.Testing/Jolt.Testing.csproj" />
</Solution>
